<?xml version="1.0" encoding="utf-8"?>
<Project ToolsVersion="4.0" xmlns="http://schemas.microsoft.com/developer/msbuild/2003">
  <ItemGroup>
    <Filter Include="소스 파일">
      <UniqueIdentifier>{4FC737F1-C7A5-4376-A066-2A32D752A2FF}</UniqueIdentifier>
      <Extensions>cpp;c;cc;cxx;c++;cppm;ixx;def;odl;idl;hpj;bat;asm;asmx</Extensions>
    </Filter>
    <Filter Include="헤더 파일">
      <UniqueIdentifier>{93995380-89BD-4b04-88EB-625FBE52EBFB}</UniqueIdentifier>
      <Extensions>h;hh;hpp;hxx;h++;hm;inl;inc;ipp;xsd</Extensions>
    </Filter>
    <Filter Include="리소스 파일">
      <UniqueIdentifier>{67DA6AB6-F800-4c08-8B7A-83BB121AAD01}</UniqueIdentifier>
      <Extensions>rc;ico;cur;bmp;dlg;rc2;rct;bin;rgs;gif;jpg;jpeg;jpe;resx;tiff;tif;png;wav;mfcribbon-ms</Extensions>
    </Filter>
    <Filter Include="소스 파일\AIS">
      <UniqueIdentifier>{5a8d3149-17e8-4cec-af8a-012825502fee}</UniqueIdentifier>
    </Filter>
    <Filter Include="소스 파일\NMEA">
      <UniqueIdentifier>{42fa3c0e-0f93-4a22-a057-deed1789740f}</UniqueIdentifier>
    </Filter>
    <Filter Include="헤더 파일\AIS">
      <UniqueIdentifier>{d50594c8-7b05-4f4f-a434-8da25640e44b}</UniqueIdentifier>
    </Filter>
    <Filter Include="헤더 파일\NMEA">
      <UniqueIdentifier>{b5e6a8f6-de50-4f0f-99fd-1d1a00b4bc43}</UniqueIdentifier>
    </Filter>
    <Filter Include="소스 파일\Serial">
      <UniqueIdentifier>{7f00996f-eef3-42ab-809a-b86a411ab9dc}</UniqueIdentifier>
    </Filter>
    <Filter Include="헤더 파일\Serial">
      <UniqueIdentifier>{74ef737d-f588-496d-9651-eb63ef20be4f}</UniqueIdentifier>
    </Filter>
  </ItemGroup>
  <ItemGroup>
    <ClCompile Include="dllmain.cpp">
      <Filter>소스 파일</Filter>
    </ClCompile>
    <ClCompile Include="pch.cpp">
      <Filter>소스 파일</Filter>
    </ClCompile>
    <ClCompile Include="AISMsgUtils.cpp">
      <Filter>소스 파일\AIS</Filter>
    </ClCompile>
    <ClCompile Include="NMEAParser.cpp">
      <Filter>소스 파일\NMEA</Filter>
    </ClCompile>
    <ClCompile Include="NMEAUtils.cpp">
      <Filter>소스 파일\NMEA</Filter>
    </ClCompile>
    <ClCompile Include="AISFileReplay.cpp">
      <Filter>소스 파일</Filter>
    </ClCompile>
    <ClCompile Include="AISMsgManager.cpp">
      <Filter>소스 파일</Filter>
    </ClCompile>
    <ClCompile Include="EHSFileReplay.cpp">
      <Filter>소스 파일</Filter>
    </ClCompile>
    <ClCompile Include="EHSMsgManager.cpp">
      <Filter>소스 파일</Filter>
    </ClCompile>
    <ClCompile Include="GPSFileReplay.cpp">
      <Filter>소스 파일</Filter>
    </ClCompile>
    <ClCompile Include="GPSMsgManager.cpp">
      <Filter>소스 파일</Filter>
    </ClCompile>
    <ClCompile Include="NavAidsManager.cpp">
      <Filter>소스 파일</Filter>
    </ClCompile>
    <ClCompile Include="NavigationInfo.cpp">
      <Filter>소스 파일</Filter>
    </ClCompile>
    <ClCompile Include="SerialMsgMngr.cpp">
      <Filter>소스 파일</Filter>
    </ClCompile>
    <ClCompile Include="SerialBase.cpp">
      <Filter>소스 파일\Serial</Filter>
    </ClCompile>
    <ClCompile Include="SerialCAN.cpp">
      <Filter>소스 파일\Serial</Filter>
    </ClCompile>
    <ClCompile Include="SerialNMEA.cpp">
      <Filter>소스 파일\Serial</Filter>
    </ClCompile>
  </ItemGroup>
  <ItemGroup>
    <None Include="NavAidsMngr.def">
      <Filter>소스 파일</Filter>
    </None>
    <None Include="res\NavAidsMngr.rc2">
      <Filter>리소스 파일</Filter>
    </None>
  </ItemGroup>
  <ItemGroup>
    <ClInclude Include="Resource.h">
      <Filter>헤더 파일</Filter>
    </ClInclude>
    <ClInclude Include="pch.h">
      <Filter>헤더 파일</Filter>
    </ClInclude>
    <ClInclude Include="AISMsgFormat.h">
      <Filter>헤더 파일\AIS</Filter>
    </ClInclude>
    <ClInclude Include="AISMsgUtils.h">
      <Filter>헤더 파일\AIS</Filter>
    </ClInclude>
    <ClInclude Include="NMEAFormat.h">
      <Filter>헤더 파일\NMEA</Filter>
    </ClInclude>
    <ClInclude Include="NMEAParser.h">
      <Filter>헤더 파일\NMEA</Filter>
    </ClInclude>
    <ClInclude Include="NMEAUtils.h">
      <Filter>헤더 파일\NMEA</Filter>
    </ClInclude>
    <ClInclude Include="AISFileReplay.h">
      <Filter>헤더 파일</Filter>
    </ClInclude>
    <ClInclude Include="AISMsgManager.h">
      <Filter>헤더 파일</Filter>
    </ClInclude>
    <ClInclude Include="EHSFileReplay.h">
      <Filter>헤더 파일</Filter>
    </ClInclude>
    <ClInclude Include="EHSMsgManager.h">
      <Filter>헤더 파일</Filter>
    </ClInclude>
    <ClInclude Include="GPSFileReplay.h">
      <Filter>헤더 파일</Filter>
    </ClInclude>
    <ClInclude Include="GPSMsgManager.h">
      <Filter>헤더 파일</Filter>
    </ClInclude>
    <ClInclude Include="NavAidsManager.h">
      <Filter>헤더 파일</Filter>
    </ClInclude>
    <ClInclude Include="NavigationInfo.h">
      <Filter>헤더 파일</Filter>
    </ClInclude>
    <ClInclude Include="SerialMsgMngr.h">
      <Filter>헤더 파일</Filter>
    </ClInclude>
    <ClInclude Include="SerialBase.h">
      <Filter>헤더 파일\Serial</Filter>
    </ClInclude>
    <ClInclude Include="SerialCAN.h">
      <Filter>헤더 파일\Serial</Filter>
    </ClInclude>
    <ClInclude Include="SerialNMEA.h">
      <Filter>헤더 파일\Serial</Filter>
    </ClInclude>
  </ItemGroup>
  <ItemGroup>
    <ResourceCompile Include="NavAidsMngr.rc">
      <Filter>리소스 파일</Filter>
    </ResourceCompile>
  </ItemGroup>
</Project>